
Microsoft Visual Studio Solution File, Format Version 12.00
# Visual Studio Version 16
VisualStudioVersion = 16.0.31515.178
MinimumVisualStudioVersion = 10.0.40219.1
Project("{FAE04EC0-301F-11D3-BF4B-00C04F79EFBC}") = "ToDoV2", "ToDoV2\ToDoV2.csproj", "{D854CEBC-74C0-496E-B83B-5ABAF0FBEF11}"
EndProject
Global
	GlobalSection(SolutionConfigurationPlatforms) = preSolution
		Debug|Any CPU = Debug|Any CPU
		Release|Any CPU = Release|Any CPU
	EndGlobalSection
	GlobalSection(ProjectConfigurationPlatforms) = postSolution
		{D854CEBC-74C0-496E-B83B-5ABAF0FBEF11}.Debug|Any CPU.ActiveCfg = Debug|Any CPU
		{D854CEBC-74C0-496E-B83B-5ABAF0FBEF11}.Debug|Any CPU.Build.0 = Debug|Any CPU
		{D854CEBC-74C0-496E-B83B-5ABAF0FBEF11}.Release|Any CPU.ActiveCfg = Release|Any CPU
		{D854CEBC-74C0-496E-B83B-5ABAF0FBEF11}.Release|Any CPU.Build.0 = Release|Any CPU
	EndGlobalSection
	GlobalSection(SolutionProperties) = preSolution
		HideSolutionNode = FALSE
	EndGlobalSection
	GlobalSection(ExtensibilityGlobals) = postSolution
		SolutionGuid = {E2F7F5B9-D105-41A1-9E9C-4688129A451E}
	EndGlobalSection
EndGlobal
